// !$*UTF8*$!
{
	archiveVersion = 1;
	classes = {
	};
	objectVersion = 50;
	objects = {

/* Begin PBXBuildFile section */
		10177999238906E8003B3F84 /* AppDelegate.swift in Sources */ = {isa = PBXBuildFile; fileRef = 10177998238906E8003B3F84 /* AppDelegate.swift */; };
		1017799F238906E9003B3F84 /* Assets.xcassets in Resources */ = {isa = PBXBuildFile; fileRef = 1017799E238906E9003B3F84 /* Assets.xcassets */; };
		101779A2238906E9003B3F84 /* Preview Assets.xcassets in Resources */ = {isa = PBXBuildFile; fileRef = 101779A1238906E9003B3F84 /* Preview Assets.xcassets */; };
		101779B4238909D1003B3F84 /* Main.storyboard in Resources */ = {isa = PBXBuildFile; fileRef = 101779B3238909D1003B3F84 /* Main.storyboard */; };
		101779B723890AFC003B3F84 /* LaunchScreen.storyboard in Resources */ = {isa = PBXBuildFile; fileRef = 101779B523890AFC003B3F84 /* LaunchScreen.storyboard */; };
		101779BA238910A1003B3F84 /* LoginViewController.swift in Sources */ = {isa = PBXBuildFile; fileRef = 101779B9238910A1003B3F84 /* LoginViewController.swift */; };
		102069E3238AA36D00834AE1 /* appointments.json in Resources */ = {isa = PBXBuildFile; fileRef = 102069E2238AA36D00834AE1 /* appointments.json */; };
		102069E7238AAB1C00834AE1 /* viewDietViewController.swift in Sources */ = {isa = PBXBuildFile; fileRef = 102069E6238AAB1C00834AE1 /* viewDietViewController.swift */; };
		102069E9238AAEF000834AE1 /* AddDietViewController.swift in Sources */ = {isa = PBXBuildFile; fileRef = 102069E8238AAEF000834AE1 /* AddDietViewController.swift */; };
		102069EB238AB5D100834AE1 /* DietCell.swift in Sources */ = {isa = PBXBuildFile; fileRef = 102069EA238AB5D100834AE1 /* DietCell.swift */; };
		104609D12389257100936B66 /* dashboardCell.swift in Sources */ = {isa = PBXBuildFile; fileRef = 104609D02389257100936B66 /* dashboardCell.swift */; };
		104609D32389275500936B66 /* dashboardViewController.swift in Sources */ = {isa = PBXBuildFile; fileRef = 104609D22389275500936B66 /* dashboardViewController.swift */; };
		104609D5238943DA00936B66 /* AppointmentListViewController.swift in Sources */ = {isa = PBXBuildFile; fileRef = 104609D4238943DA00936B66 /* AppointmentListViewController.swift */; };
		104609DB23894E3600936B66 /* Classes.swift in Sources */ = {isa = PBXBuildFile; fileRef = 104609DA23894E3600936B66 /* Classes.swift */; };
		104609DD2389AC0000936B66 /* AppointmentsCell.swift in Sources */ = {isa = PBXBuildFile; fileRef = 104609DC2389AC0000936B66 /* AppointmentsCell.swift */; };
		104609DF2389BA8A00936B66 /* AppointmentViewController.swift in Sources */ = {isa = PBXBuildFile; fileRef = 104609DE2389BA8A00936B66 /* AppointmentViewController.swift */; };
		104609E12389C71700936B66 /* AddAppointment.swift in Sources */ = {isa = PBXBuildFile; fileRef = 104609E02389C71700936B66 /* AddAppointment.swift */; };
		104609E5238A5A5200936B66 /* SearchPatient.swift in Sources */ = {isa = PBXBuildFile; fileRef = 104609E4238A5A5200936B66 /* SearchPatient.swift */; };
		10479109238A99BC00778D34 /* patientsappointments.json in Resources */ = {isa = PBXBuildFile; fileRef = 10479108238A99BC00778D34 /* patientsappointments.json */; };
		105F882F238BE88E001B2109 /* CommunityViewController.swift in Sources */ = {isa = PBXBuildFile; fileRef = 105F882E238BE88E001B2109 /* CommunityViewController.swift */; };
		105F8831238BE8C6001B2109 /* CommunityViewCell.swift in Sources */ = {isa = PBXBuildFile; fileRef = 105F8830238BE8C6001B2109 /* CommunityViewCell.swift */; };
		105F8833238BEEA4001B2109 /* DetailViewController.swift in Sources */ = {isa = PBXBuildFile; fileRef = 105F8832238BEEA4001B2109 /* DetailViewController.swift */; };
		105F8835238BEED2001B2109 /* VideoTableViewCell.swift in Sources */ = {isa = PBXBuildFile; fileRef = 105F8834238BEED2001B2109 /* VideoTableViewCell.swift */; };
		105F8837238BEEEA001B2109 /* PostDetailTableViewCell.swift in Sources */ = {isa = PBXBuildFile; fileRef = 105F8836238BEEEA001B2109 /* PostDetailTableViewCell.swift */; };
		105F8839238BEEFA001B2109 /* PostSomethingTableViewCell.swift in Sources */ = {isa = PBXBuildFile; fileRef = 105F8838238BEEFA001B2109 /* PostSomethingTableViewCell.swift */; };
		105F883D238BFA67001B2109 /* test.mp3 in Resources */ = {isa = PBXBuildFile; fileRef = 105F883C238BFA66001B2109 /* test.mp3 */; };
		105F883F238BFC7E001B2109 /* patCommunityViewController.swift in Sources */ = {isa = PBXBuildFile; fileRef = 105F883E238BFC7E001B2109 /* patCommunityViewController.swift */; };
		105F8841238BFE1C001B2109 /* patDetailViewController.swift in Sources */ = {isa = PBXBuildFile; fileRef = 105F8840238BFE1C001B2109 /* patDetailViewController.swift */; };
		105F8851238C34F5001B2109 /* video1.m4v in Resources */ = {isa = PBXBuildFile; fileRef = 105F8850238C34F5001B2109 /* video1.m4v */; };
		1067BA03238AE81700CE003F /* pATIENTS in Resources */ = {isa = PBXBuildFile; fileRef = 1067BA02238AE81700CE003F /* pATIENTS */; };
		1067BA05238AE84400CE003F /* EmergencyViewController.swift in Sources */ = {isa = PBXBuildFile; fileRef = 1067BA04238AE84400CE003F /* EmergencyViewController.swift */; };
		1067BA07238AE84800CE003F /* patientAppointmentListView.swift in Sources */ = {isa = PBXBuildFile; fileRef = 1067BA06238AE84800CE003F /* patientAppointmentListView.swift */; };
		1067BA09238AE84A00CE003F /* patientDashboardView.swift in Sources */ = {isa = PBXBuildFile; fileRef = 1067BA08238AE84A00CE003F /* patientDashboardView.swift */; };
		1067BA0B238AE8FE00CE003F /* EmergencyCell.swift in Sources */ = {isa = PBXBuildFile; fileRef = 1067BA0A238AE8FE00CE003F /* EmergencyCell.swift */; };
		1067BA0D238AFD9500CE003F /* CoomonSignUp.swift in Sources */ = {isa = PBXBuildFile; fileRef = 1067BA0C238AFD9500CE003F /* CoomonSignUp.swift */; };
		1067BA0F238B032300CE003F /* docSignUp.swift in Sources */ = {isa = PBXBuildFile; fileRef = 1067BA0E238B032300CE003F /* docSignUp.swift */; };
		108F5D65238B115C001A9A88 /* patDietViewController.swift in Sources */ = {isa = PBXBuildFile; fileRef = 108F5D64238B115C001A9A88 /* patDietViewController.swift */; };
		108F5D67238B15C1001A9A88 /* patDietDetail.swift in Sources */ = {isa = PBXBuildFile; fileRef = 108F5D66238B15C1001A9A88 /* patDietDetail.swift */; };
		10D7D324238BB140009D7AA3 /* patSignup.swift in Sources */ = {isa = PBXBuildFile; fileRef = 10D7D323238BB140009D7AA3 /* patSignup.swift */; };
		10D7DD66238A73DD00F8E6C0 /* patientDashboardView.swift in Sources */ = {isa = PBXBuildFile; fileRef = 10D7DD65238A73DD00F8E6C0 /* patientDashboardView.swift */; };
		10D7DD68238A76F800F8E6C0 /* patientAppointmentCell.swift in Sources */ = {isa = PBXBuildFile; fileRef = 10D7DD67238A76F800F8E6C0 /* patientAppointmentCell.swift */; };
		10D7DD6A238A7CC000F8E6C0 /* patientAppointmentListView.swift in Sources */ = {isa = PBXBuildFile; fileRef = 10D7DD69238A7CC000F8E6C0 /* patientAppointmentListView.swift */; };
		10D7DD6C238A85E600F8E6C0 /* EmergencyViewController.swift in Sources */ = {isa = PBXBuildFile; fileRef = 10D7DD6B238A85E600F8E6C0 /* EmergencyViewController.swift */; };
		10D7DD6E238A92B500F8E6C0 /* showDiet.swift in Sources */ = {isa = PBXBuildFile; fileRef = 10D7DD6D238A92B500F8E6C0 /* showDiet.swift */; };
		10D7DD70238A965B00F8E6C0 /* diet.json in Resources */ = {isa = PBXBuildFile; fileRef = 10D7DD6F238A965B00F8E6C0 /* diet.json */; };
		10FFF5E3238BE76B00A9BD3C /* Main 2.storyboard in Resources */ = {isa = PBXBuildFile; fileRef = 10FFF5E2238BE76A00A9BD3C /* Main 2.storyboard */; };
/* End PBXBuildFile section */

/* Begin PBXFileReference section */
		10177995238906E8003B3F84 /* HCI project.app */ = {isa = PBXFileReference; explicitFileType = wrapper.application; includeInIndex = 0; path = "HCI project.app"; sourceTree = BUILT_PRODUCTS_DIR; };
		10177998238906E8003B3F84 /* AppDelegate.swift */ = {isa = PBXFileReference; lastKnownFileType = sourcecode.swift; path = AppDelegate.swift; sourceTree = "<group>"; };
		1017799E238906E9003B3F84 /* Assets.xcassets */ = {isa = PBXFileReference; lastKnownFileType = folder.assetcatalog; path = Assets.xcassets; sourceTree = "<group>"; };
		101779A1238906E9003B3F84 /* Preview Assets.xcassets */ = {isa = PBXFileReference; lastKnownFileType = folder.assetcatalog; path = "Preview Assets.xcassets"; sourceTree = "<group>"; };
		101779A6238906E9003B3F84 /* Info.plist */ = {isa = PBXFileReference; lastKnownFileType = text.plist.xml; path = Info.plist; sourceTree = "<group>"; };
		101779B3238909D1003B3F84 /* Main.storyboard */ = {isa = PBXFileReference; lastKnownFileType = file.storyboard; path = Main.storyboard; sourceTree = "<group>"; };
		101779B623890AFC003B3F84 /* Base */ = {isa = PBXFileReference; lastKnownFileType = file.storyboard; name = Base; path = Base.lproj/LaunchScreen.storyboard; sourceTree = "<group>"; };
		101779B9238910A1003B3F84 /* LoginViewController.swift */ = {isa = PBXFileReference; lastKnownFileType = sourcecode.swift; path = LoginViewController.swift; sourceTree = "<group>"; };
		102069E2238AA36D00834AE1 /* appointments.json */ = {isa = PBXFileReference; fileEncoding = 4; lastKnownFileType = text.json; path = appointments.json; sourceTree = "<group>"; };
		102069E6238AAB1C00834AE1 /* viewDietViewController.swift */ = {isa = PBXFileReference; lastKnownFileType = sourcecode.swift; path = viewDietViewController.swift; sourceTree = "<group>"; };
		102069E8238AAEF000834AE1 /* AddDietViewController.swift */ = {isa = PBXFileReference; lastKnownFileType = sourcecode.swift; path = AddDietViewController.swift; sourceTree = "<group>"; };
		102069EA238AB5D100834AE1 /* DietCell.swift */ = {isa = PBXFileReference; lastKnownFileType = sourcecode.swift; path = DietCell.swift; sourceTree = "<group>"; };
		104609D02389257100936B66 /* dashboardCell.swift */ = {isa = PBXFileReference; lastKnownFileType = sourcecode.swift; path = dashboardCell.swift; sourceTree = "<group>"; };
		104609D22389275500936B66 /* dashboardViewController.swift */ = {isa = PBXFileReference; lastKnownFileType = sourcecode.swift; path = dashboardViewController.swift; sourceTree = "<group>"; };
		104609D4238943DA00936B66 /* AppointmentListViewController.swift */ = {isa = PBXFileReference; lastKnownFileType = sourcecode.swift; path = AppointmentListViewController.swift; sourceTree = "<group>"; };
		104609D923894DBE00936B66 /* appointments.json */ = {isa = PBXFileReference; lastKnownFileType = text.json; path = appointments.json; sourceTree = "<group>"; };
		104609DA23894E3600936B66 /* Classes.swift */ = {isa = PBXFileReference; lastKnownFileType = sourcecode.swift; path = Classes.swift; sourceTree = "<group>"; };
		104609DC2389AC0000936B66 /* AppointmentsCell.swift */ = {isa = PBXFileReference; lastKnownFileType = sourcecode.swift; path = AppointmentsCell.swift; sourceTree = "<group>"; };
		104609DE2389BA8A00936B66 /* AppointmentViewController.swift */ = {isa = PBXFileReference; lastKnownFileType = sourcecode.swift; path = AppointmentViewController.swift; sourceTree = "<group>"; };
		104609E02389C71700936B66 /* AddAppointment.swift */ = {isa = PBXFileReference; lastKnownFileType = sourcecode.swift; path = AddAppointment.swift; sourceTree = "<group>"; };
		104609E4238A5A5200936B66 /* SearchPatient.swift */ = {isa = PBXFileReference; lastKnownFileType = sourcecode.swift; path = SearchPatient.swift; sourceTree = "<group>"; };
		10479108238A99BC00778D34 /* patientsappointments.json */ = {isa = PBXFileReference; fileEncoding = 4; lastKnownFileType = text.json; path = patientsappointments.json; sourceTree = "<group>"; };
		105F882E238BE88E001B2109 /* CommunityViewController.swift */ = {isa = PBXFileReference; lastKnownFileType = sourcecode.swift; path = CommunityViewController.swift; sourceTree = "<group>"; };
		105F8830238BE8C6001B2109 /* CommunityViewCell.swift */ = {isa = PBXFileReference; lastKnownFileType = sourcecode.swift; path = CommunityViewCell.swift; sourceTree = "<group>"; };
		105F8832238BEEA4001B2109 /* DetailViewController.swift */ = {isa = PBXFileReference; lastKnownFileType = sourcecode.swift; path = DetailViewController.swift; sourceTree = "<group>"; };
		105F8834238BEED2001B2109 /* VideoTableViewCell.swift */ = {isa = PBXFileReference; lastKnownFileType = sourcecode.swift; path = VideoTableViewCell.swift; sourceTree = "<group>"; };
		105F8836238BEEEA001B2109 /* PostDetailTableViewCell.swift */ = {isa = PBXFileReference; lastKnownFileType = sourcecode.swift; path = PostDetailTableViewCell.swift; sourceTree = "<group>"; };
		105F8838238BEEFA001B2109 /* PostSomethingTableViewCell.swift */ = {isa = PBXFileReference; lastKnownFileType = sourcecode.swift; path = PostSomethingTableViewCell.swift; sourceTree = "<group>"; };
		105F883C238BFA66001B2109 /* test.mp3 */ = {isa = PBXFileReference; lastKnownFileType = audio.mp3; name = test.mp3; path = ../../../../../../Desktop/test.mp3; sourceTree = "<group>"; };
		105F883E238BFC7E001B2109 /* patCommunityViewController.swift */ = {isa = PBXFileReference; lastKnownFileType = sourcecode.swift; path = patCommunityViewController.swift; sourceTree = "<group>"; };
		105F8840238BFE1C001B2109 /* patDetailViewController.swift */ = {isa = PBXFileReference; lastKnownFileType = sourcecode.swift; path = patDetailViewController.swift; sourceTree = "<group>"; };
		105F8850238C34F5001B2109 /* video1.m4v */ = {isa = PBXFileReference; lastKnownFileType = file; path = video1.m4v; sourceTree = "<group>"; };
		1067BA02238AE81700CE003F /* pATIENTS */ = {isa = PBXFileReference; lastKnownFileType = folder; path = pATIENTS; sourceTree = "<group>"; };
		1067BA04238AE84400CE003F /* EmergencyViewController.swift */ = {isa = PBXFileReference; lastKnownFileType = sourcecode.swift; path = EmergencyViewController.swift; sourceTree = "<group>"; };
		1067BA06238AE84800CE003F /* patientAppointmentListView.swift */ = {isa = PBXFileReference; lastKnownFileType = sourcecode.swift; path = patientAppointmentListView.swift; sourceTree = "<group>"; };
		1067BA08238AE84A00CE003F /* patientDashboardView.swift */ = {isa = PBXFileReference; lastKnownFileType = sourcecode.swift; path = patientDashboardView.swift; sourceTree = "<group>"; };
		1067BA0A238AE8FE00CE003F /* EmergencyCell.swift */ = {isa = PBXFileReference; lastKnownFileType = sourcecode.swift; path = EmergencyCell.swift; sourceTree = "<group>"; };
		1067BA0C238AFD9500CE003F /* CoomonSignUp.swift */ = {isa = PBXFileReference; lastKnownFileType = sourcecode.swift; path = CoomonSignUp.swift; sourceTree = "<group>"; };
		1067BA0E238B032300CE003F /* docSignUp.swift */ = {isa = PBXFileReference; lastKnownFileType = sourcecode.swift; path = docSignUp.swift; sourceTree = "<group>"; };
		108F5D64238B115C001A9A88 /* patDietViewController.swift */ = {isa = PBXFileReference; lastKnownFileType = sourcecode.swift; path = patDietViewController.swift; sourceTree = "<group>"; };
		108F5D66238B15C1001A9A88 /* patDietDetail.swift */ = {isa = PBXFileReference; lastKnownFileType = sourcecode.swift; path = patDietDetail.swift; sourceTree = "<group>"; };
		10D7D323238BB140009D7AA3 /* patSignup.swift */ = {isa = PBXFileReference; lastKnownFileType = sourcecode.swift; path = patSignup.swift; sourceTree = "<group>"; };
		10D7DD65238A73DD00F8E6C0 /* patientDashboardView.swift */ = {isa = PBXFileReference; lastKnownFileType = sourcecode.swift; path = patientDashboardView.swift; sourceTree = "<group>"; };
		10D7DD67238A76F800F8E6C0 /* patientAppointmentCell.swift */ = {isa = PBXFileReference; lastKnownFileType = sourcecode.swift; path = patientAppointmentCell.swift; sourceTree = "<group>"; };
		10D7DD69238A7CC000F8E6C0 /* patientAppointmentListView.swift */ = {isa = PBXFileReference; lastKnownFileType = sourcecode.swift; path = patientAppointmentListView.swift; sourceTree = "<group>"; };
		10D7DD6B238A85E600F8E6C0 /* EmergencyViewController.swift */ = {isa = PBXFileReference; lastKnownFileType = sourcecode.swift; path = EmergencyViewController.swift; sourceTree = "<group>"; };
		10D7DD6D238A92B500F8E6C0 /* showDiet.swift */ = {isa = PBXFileReference; lastKnownFileType = sourcecode.swift; path = showDiet.swift; sourceTree = "<group>"; };
		10D7DD6F238A965B00F8E6C0 /* diet.json */ = {isa = PBXFileReference; fileEncoding = 4; lastKnownFileType = text.json; path = diet.json; sourceTree = "<group>"; };
		10FFF5E2238BE76A00A9BD3C /* Main 2.storyboard */ = {isa = PBXFileReference; fileEncoding = 4; lastKnownFileType = file.storyboard; path = "Main 2.storyboard"; sourceTree = "<group>"; };
/* End PBXFileReference section */

/* Begin PBXFrameworksBuildPhase section */
		10177992238906E8003B3F84 /* Frameworks */ = {
			isa = PBXFrameworksBuildPhase;
			buildActionMask = 2147483647;
			files = (
			);
			runOnlyForDeploymentPostprocessing = 0;
		};
/* End PBXFrameworksBuildPhase section */

/* Begin PBXGroup section */
		1017798C238906E8003B3F84 = {
			isa = PBXGroup;
			children = (
				105F8850238C34F5001B2109 /* video1.m4v */,
				105F883C238BFA66001B2109 /* test.mp3 */,
				10177997238906E8003B3F84 /* HCI project */,
				10177996238906E8003B3F84 /* Products */,
			);
			sourceTree = "<group>";
		};
		10177996238906E8003B3F84 /* Products */ = {
			isa = PBXGroup;
			children = (
				10177995238906E8003B3F84 /* HCI project.app */,
			);
			name = Products;
			sourceTree = "<group>";
		};
		10177997238906E8003B3F84 /* HCI project */ = {
			isa = PBXGroup;
			children = (
				104609D823894DB200936B66 /* Resources */,
				104609CF2389254B00936B66 /* Model */,
				101779B823891070003B3F84 /* Controller */,
				101779B523890AFC003B3F84 /* LaunchScreen.storyboard */,
				10177998238906E8003B3F84 /* AppDelegate.swift */,
				101779B3238909D1003B3F84 /* Main.storyboard */,
				10FFF5E2238BE76A00A9BD3C /* Main 2.storyboard */,
				1017799E238906E9003B3F84 /* Assets.xcassets */,
				101779A6238906E9003B3F84 /* Info.plist */,
				102069E2238AA36D00834AE1 /* appointments.json */,
				10D7DD6F238A965B00F8E6C0 /* diet.json */,
				10479108238A99BC00778D34 /* patientsappointments.json */,
				101779A0238906E9003B3F84 /* Preview Content */,
			);
			path = "HCI project";
			sourceTree = "<group>";
		};
		101779A0238906E9003B3F84 /* Preview Content */ = {
			isa = PBXGroup;
			children = (
				101779A1238906E9003B3F84 /* Preview Assets.xcassets */,
			);
			path = "Preview Content";
			sourceTree = "<group>";
		};
		101779B823891070003B3F84 /* Controller */ = {
			isa = PBXGroup;
			children = (
				10D7DD64238A73C000F8E6C0 /* pATIENTS */,
				101779B9238910A1003B3F84 /* LoginViewController.swift */,
				108F5D66238B15C1001A9A88 /* patDietDetail.swift */,
				1067BA0E238B032300CE003F /* docSignUp.swift */,
				1067BA0C238AFD9500CE003F /* CoomonSignUp.swift */,
				10D7DD6D238A92B500F8E6C0 /* showDiet.swift */,
				102069E8238AAEF000834AE1 /* AddDietViewController.swift */,
				102069E6238AAB1C00834AE1 /* viewDietViewController.swift */,
				104609E4238A5A5200936B66 /* SearchPatient.swift */,
				104609E02389C71700936B66 /* AddAppointment.swift */,
				104609D22389275500936B66 /* dashboardViewController.swift */,
				104609D4238943DA00936B66 /* AppointmentListViewController.swift */,
				104609DE2389BA8A00936B66 /* AppointmentViewController.swift */,
			);
			path = Controller;
			sourceTree = "<group>";
		};
		104609CF2389254B00936B66 /* Model */ = {
			isa = PBXGroup;
			children = (
				104609D02389257100936B66 /* dashboardCell.swift */,
				105F8830238BE8C6001B2109 /* CommunityViewCell.swift */,
				104609DA23894E3600936B66 /* Classes.swift */,
				104609DC2389AC0000936B66 /* AppointmentsCell.swift */,
				1067BA0A238AE8FE00CE003F /* EmergencyCell.swift */,
				10D7DD67238A76F800F8E6C0 /* patientAppointmentCell.swift */,
				102069EA238AB5D100834AE1 /* DietCell.swift */,
			);
			path = Model;
			sourceTree = "<group>";
		};
		104609D823894DB200936B66 /* Resources */ = {
			isa = PBXGroup;
			children = (
				104609D923894DBE00936B66 /* appointments.json */,
			);
			path = Resources;
			sourceTree = "<group>";
		};
		105F882D238BE877001B2109 /* Community */ = {
			isa = PBXGroup;
			children = (
				105F882E238BE88E001B2109 /* CommunityViewController.swift */,
				105F883E238BFC7E001B2109 /* patCommunityViewController.swift */,
				105F8840238BFE1C001B2109 /* patDetailViewController.swift */,
				105F8832238BEEA4001B2109 /* DetailViewController.swift */,
				105F8838238BEEFA001B2109 /* PostSomethingTableViewCell.swift */,
				105F8836238BEEEA001B2109 /* PostDetailTableViewCell.swift */,
				105F8834238BEED2001B2109 /* VideoTableViewCell.swift */,
			);
			path = Community;
			sourceTree = "<group>";
		};
		10D7DD64238A73C000F8E6C0 /* pATIENTS */ = {
			isa = PBXGroup;
			children = (
				105F882D238BE877001B2109 /* Community */,
				10D7DD65238A73DD00F8E6C0 /* patientDashboardView.swift */,
				10D7D323238BB140009D7AA3 /* patSignup.swift */,
				1067BA08238AE84A00CE003F /* patientDashboardView.swift */,
				108F5D64238B115C001A9A88 /* patDietViewController.swift */,
				1067BA06238AE84800CE003F /* patientAppointmentListView.swift */,
				1067BA04238AE84400CE003F /* EmergencyViewController.swift */,
				10D7DD69238A7CC000F8E6C0 /* patientAppointmentListView.swift */,
				10D7DD6B238A85E600F8E6C0 /* EmergencyViewController.swift */,
				1067BA02238AE81700CE003F /* pATIENTS */,
			);
			path = pATIENTS;
			sourceTree = "<group>";
		};
/* End PBXGroup section */

/* Begin PBXNativeTarget section */
		10177994238906E8003B3F84 /* HCI project */ = {
			isa = PBXNativeTarget;
			buildConfigurationList = 101779A9238906E9003B3F84 /* Build configuration list for PBXNativeTarget "HCI project" */;
			buildPhases = (
				10177991238906E8003B3F84 /* Sources */,
				10177992238906E8003B3F84 /* Frameworks */,
				10177993238906E8003B3F84 /* Resources */,
			);
			buildRules = (
			);
			dependencies = (
			);
			name = "HCI project";
			productName = "HCI project";
			productReference = 10177995238906E8003B3F84 /* HCI project.app */;
			productType = "com.apple.product-type.application";
		};
/* End PBXNativeTarget section */

/* Begin PBXProject section */
		1017798D238906E8003B3F84 /* Project object */ = {
			isa = PBXProject;
			attributes = {
				LastSwiftUpdateCheck = 1110;
				LastUpgradeCheck = 1110;
				ORGANIZATIONNAME = "Mufaza Majeed";
				TargetAttributes = {
					10177994238906E8003B3F84 = {
						CreatedOnToolsVersion = 11.1;
					};
				};
			};
			buildConfigurationList = 10177990238906E8003B3F84 /* Build configuration list for PBXProject "HCI project" */;
			compatibilityVersion = "Xcode 9.3";
			developmentRegion = en;
			hasScannedForEncodings = 0;
			knownRegions = (
				en,
				Base,
			);
			mainGroup = 1017798C238906E8003B3F84;
			productRefGroup = 10177996238906E8003B3F84 /* Products */;
			projectDirPath = "";
			projectRoot = "";
			targets = (
				10177994238906E8003B3F84 /* HCI project */,
			);
		};
/* End PBXProject section */

/* Begin PBXResourcesBuildPhase section */
		10177993238906E8003B3F84 /* Resources */ = {
			isa = PBXResourcesBuildPhase;
			buildActionMask = 2147483647;
			files = (
				105F883D238BFA67001B2109 /* test.mp3 in Resources */,
				10FFF5E3238BE76B00A9BD3C /* Main 2.storyboard in Resources */,
				105F8851238C34F5001B2109 /* video1.m4v in Resources */,
				1067BA03238AE81700CE003F /* pATIENTS in Resources */,
				101779A2238906E9003B3F84 /* Preview Assets.xcassets in Resources */,
				10D7DD70238A965B00F8E6C0 /* diet.json in Resources */,
				102069E3238AA36D00834AE1 /* appointments.json in Resources */,
				10479109238A99BC00778D34 /* patientsappointments.json in Resources */,
				101779B723890AFC003B3F84 /* LaunchScreen.storyboard in Resources */,
				1017799F238906E9003B3F84 /* Assets.xcassets in Resources */,
				101779B4238909D1003B3F84 /* Main.storyboard in Resources */,
			);
			runOnlyForDeploymentPostprocessing = 0;
		};
/* End PBXResourcesBuildPhase section */

/* Begin PBXSourcesBuildPhase section */
		10177991238906E8003B3F84 /* Sources */ = {
			isa = PBXSourcesBuildPhase;
			buildActionMask = 2147483647;
			files = (
				104609DF2389BA8A00936B66 /* AppointmentViewController.swift in Sources */,
				108F5D65238B115C001A9A88 /* patDietViewController.swift in Sources */,
				104609D12389257100936B66 /* dashboardCell.swift in Sources */,
				101779BA238910A1003B3F84 /* LoginViewController.swift in Sources */,
				104609DB23894E3600936B66 /* Classes.swift in Sources */,
				10D7DD66238A73DD00F8E6C0 /* patientDashboardView.swift in Sources */,
				105F883F238BFC7E001B2109 /* patCommunityViewController.swift in Sources */,
				104609E12389C71700936B66 /* AddAppointment.swift in Sources */,
				1067BA0F238B032300CE003F /* docSignUp.swift in Sources */,
				104609D5238943DA00936B66 /* AppointmentListViewController.swift in Sources */,
				10177999238906E8003B3F84 /* AppDelegate.swift in Sources */,
				1067BA07238AE84800CE003F /* patientAppointmentListView.swift in Sources */,
				105F8841238BFE1C001B2109 /* patDetailViewController.swift in Sources */,
				104609D32389275500936B66 /* dashboardViewController.swift in Sources */,
				104609DD2389AC0000936B66 /* AppointmentsCell.swift in Sources */,
				1067BA09238AE84A00CE003F /* patientDashboardView.swift in Sources */,
				102069E7238AAB1C00834AE1 /* viewDietViewController.swift in Sources */,
				10D7D324238BB140009D7AA3 /* patSignup.swift in Sources */,
				102069E9238AAEF000834AE1 /* AddDietViewController.swift in Sources */,
				10D7DD6A238A7CC000F8E6C0 /* patientAppointmentListView.swift in Sources */,
				102069EB238AB5D100834AE1 /* DietCell.swift in Sources */,
				105F8835238BEED2001B2109 /* VideoTableViewCell.swift in Sources */,
				105F8837238BEEEA001B2109 /* PostDetailTableViewCell.swift in Sources */,
				10D7DD6C238A85E600F8E6C0 /* EmergencyViewController.swift in Sources */,
				105F882F238BE88E001B2109 /* CommunityViewController.swift in Sources */,
				105F8831238BE8C6001B2109 /* CommunityViewCell.swift in Sources */,
				105F8839238BEEFA001B2109 /* PostSomethingTableViewCell.swift in Sources */,
				104609E5238A5A5200936B66 /* SearchPatient.swift in Sources */,
				108F5D67238B15C1001A9A88 /* patDietDetail.swift in Sources */,
				10D7DD68238A76F800F8E6C0 /* patientAppointmentCell.swift in Sources */,
				10D7DD6E238A92B500F8E6C0 /* showDiet.swift in Sources */,
				1067BA05238AE84400CE003F /* EmergencyViewController.swift in Sources */,
				105F8833238BEEA4001B2109 /* DetailViewController.swift in Sources */,
				1067BA0B238AE8FE00CE003F /* EmergencyCell.swift in Sources */,
				1067BA0D238AFD9500CE003F /* CoomonSignUp.swift in Sources */,
			);
			runOnlyForDeploymentPostprocessing = 0;
		};
/* End PBXSourcesBuildPhase section */

/* Begin PBXVariantGroup section */
		101779B523890AFC003B3F84 /* LaunchScreen.storyboard */ = {
			isa = PBXVariantGroup;
			children = (
				101779B623890AFC003B3F84 /* Base */,
			);
			name = LaunchScreen.storyboard;
			sourceTree = "<group>";
		};
/* End PBXVariantGroup section */

/* Begin XCBuildConfiguration section */
		101779A7238906E9003B3F84 /* Debug */ = {
			isa = XCBuildConfiguration;
			buildSettings = {
				ALWAYS_SEARCH_USER_PATHS = NO;
				CLANG_ANALYZER_NONNULL = YES;
				CLANG_ANALYZER_NUMBER_OBJECT_CONVERSION = YES_AGGRESSIVE;
				CLANG_CXX_LANGUAGE_STANDARD = "gnu++14";
				CLANG_CXX_LIBRARY = "libc++";
				CLANG_ENABLE_MODULES = YES;
				CLANG_ENABLE_OBJC_ARC = YES;
				CLANG_ENABLE_OBJC_WEAK = YES;
				CLANG_WARN_BLOCK_CAPTURE_AUTORELEASING = YES;
				CLANG_WARN_BOOL_CONVERSION = YES;
				CLANG_WARN_COMMA = YES;
				CLANG_WARN_CONSTANT_CONVERSION = YES;
				CLANG_WARN_DEPRECATED_OBJC_IMPLEMENTATIONS = YES;
				CLANG_WARN_DIRECT_OBJC_ISA_USAGE = YES_ERROR;
				CLANG_WARN_DOCUMENTATION_COMMENTS = YES;
				CLANG_WARN_EMPTY_BODY = YES;
				CLANG_WARN_ENUM_CONVERSION = YES;
				CLANG_WARN_INFINITE_RECURSION = YES;
				CLANG_WARN_INT_CONVERSION = YES;
				CLANG_WARN_NON_LITERAL_NULL_CONVERSION = YES;
				CLANG_WARN_OBJC_IMPLICIT_RETAIN_SELF = YES;
				CLANG_WARN_OBJC_LITERAL_CONVERSION = YES;
				CLANG_WARN_OBJC_ROOT_CLASS = YES_ERROR;
				CLANG_WARN_RANGE_LOOP_ANALYSIS = YES;
				CLANG_WARN_STRICT_PROTOTYPES = YES;
				CLANG_WARN_SUSPICIOUS_MOVE = YES;
				CLANG_WARN_UNGUARDED_AVAILABILITY = YES_AGGRESSIVE;
				CLANG_WARN_UNREACHABLE_CODE = YES;
				CLANG_WARN__DUPLICATE_METHOD_MATCH = YES;
				COPY_PHASE_STRIP = NO;
				DEBUG_INFORMATION_FORMAT = dwarf;
				ENABLE_STRICT_OBJC_MSGSEND = YES;
				ENABLE_TESTABILITY = YES;
				GCC_C_LANGUAGE_STANDARD = gnu11;
				GCC_DYNAMIC_NO_PIC = NO;
				GCC_NO_COMMON_BLOCKS = YES;
				GCC_OPTIMIZATION_LEVEL = 0;
				GCC_PREPROCESSOR_DEFINITIONS = (
					"DEBUG=1",
					"$(inherited)",
				);
				GCC_WARN_64_TO_32_BIT_CONVERSION = YES;
				GCC_WARN_ABOUT_RETURN_TYPE = YES_ERROR;
				GCC_WARN_UNDECLARED_SELECTOR = YES;
				GCC_WARN_UNINITIALIZED_AUTOS = YES_AGGRESSIVE;
				GCC_WARN_UNUSED_FUNCTION = YES;
				GCC_WARN_UNUSED_VARIABLE = YES;
				IPHONEOS_DEPLOYMENT_TARGET = 11.0;
				MTL_ENABLE_DEBUG_INFO = INCLUDE_SOURCE;
				MTL_FAST_MATH = YES;
				ONLY_ACTIVE_ARCH = YES;
				SDKROOT = iphoneos;
				SWIFT_ACTIVE_COMPILATION_CONDITIONS = DEBUG;
				SWIFT_OPTIMIZATION_LEVEL = "-Onone";
			};
			name = Debug;
		};
		101779A8238906E9003B3F84 /* Release */ = {
			isa = XCBuildConfiguration;
			buildSettings = {
				ALWAYS_SEARCH_USER_PATHS = NO;
				CLANG_ANALYZER_NONNULL = YES;
				CLANG_ANALYZER_NUMBER_OBJECT_CONVERSION = YES_AGGRESSIVE;
				CLANG_CXX_LANGUAGE_STANDARD = "gnu++14";
				CLANG_CXX_LIBRARY = "libc++";
				CLANG_ENABLE_MODULES = YES;
				CLANG_ENABLE_OBJC_ARC = YES;
				CLANG_ENABLE_OBJC_WEAK = YES;
				CLANG_WARN_BLOCK_CAPTURE_AUTORELEASING = YES;
				CLANG_WARN_BOOL_CONVERSION = YES;
				CLANG_WARN_COMMA = YES;
				CLANG_WARN_CONSTANT_CONVERSION = YES;
				CLANG_WARN_DEPRECATED_OBJC_IMPLEMENTATIONS = YES;
				CLANG_WARN_DIRECT_OBJC_ISA_USAGE = YES_ERROR;
				CLANG_WARN_DOCUMENTATION_COMMENTS = YES;
				CLANG_WARN_EMPTY_BODY = YES;
				CLANG_WARN_ENUM_CONVERSION = YES;
				CLANG_WARN_INFINITE_RECURSION = YES;
				CLANG_WARN_INT_CONVERSION = YES;
				CLANG_WARN_NON_LITERAL_NULL_CONVERSION = YES;
				CLANG_WARN_OBJC_IMPLICIT_RETAIN_SELF = YES;
				CLANG_WARN_OBJC_LITERAL_CONVERSION = YES;
				CLANG_WARN_OBJC_ROOT_CLASS = YES_ERROR;
				CLANG_WARN_RANGE_LOOP_ANALYSIS = YES;
				CLANG_WARN_STRICT_PROTOTYPES = YES;
				CLANG_WARN_SUSPICIOUS_MOVE = YES;
				CLANG_WARN_UNGUARDED_AVAILABILITY = YES_AGGRESSIVE;
				CLANG_WARN_UNREACHABLE_CODE = YES;
				CLANG_WARN__DUPLICATE_METHOD_MATCH = YES;
				COPY_PHASE_STRIP = NO;
				DEBUG_INFORMATION_FORMAT = "dwarf-with-dsym";
				ENABLE_NS_ASSERTIONS = NO;
				ENABLE_STRICT_OBJC_MSGSEND = YES;
				GCC_C_LANGUAGE_STANDARD = gnu11;
				GCC_NO_COMMON_BLOCKS = YES;
				GCC_WARN_64_TO_32_BIT_CONVERSION = YES;
				GCC_WARN_ABOUT_RETURN_TYPE = YES_ERROR;
				GCC_WARN_UNDECLARED_SELECTOR = YES;
				GCC_WARN_UNINITIALIZED_AUTOS = YES_AGGRESSIVE;
				GCC_WARN_UNUSED_FUNCTION = YES;
				GCC_WARN_UNUSED_VARIABLE = YES;
				IPHONEOS_DEPLOYMENT_TARGET = 11.0;
				MTL_ENABLE_DEBUG_INFO = NO;
				MTL_FAST_MATH = YES;
				SDKROOT = iphoneos;
				SWIFT_COMPILATION_MODE = wholemodule;
				SWIFT_OPTIMIZATION_LEVEL = "-O";
				VALIDATE_PRODUCT = YES;
			};
			name = Release;
		};
		101779AA238906E9003B3F84 /* Debug */ = {
			isa = XCBuildConfiguration;
			buildSettings = {
				ASSETCATALOG_COMPILER_APPICON_NAME = AppIcon;
				CODE_SIGN_STYLE = Automatic;
				DEVELOPMENT_ASSET_PATHS = "\"HCI project/Preview Content\"";
				DEVELOPMENT_TEAM = 7C466PNGV3;
				ENABLE_PREVIEWS = YES;
				INFOPLIST_FILE = "HCI project/Info.plist";
				IPHONEOS_DEPLOYMENT_TARGET = 10.3;
				LD_RUNPATH_SEARCH_PATHS = (
					"$(inherited)",
					"@executable_path/Frameworks",
				);
				PRODUCT_BUNDLE_IDENTIFIER = "LUMS.HCI-project";
				PRODUCT_NAME = "$(TARGET_NAME)";
				SWIFT_VERSION = 5.0;
				TARGETED_DEVICE_FAMILY = "1,2";
			};
			name = Debug;
		};
		101779AB238906E9003B3F84 /* Release */ = {
			isa = XCBuildConfiguration;
			buildSettings = {
				ASSETCATALOG_COMPILER_APPICON_NAME = AppIcon;
				CODE_SIGN_STYLE = Automatic;
				DEVELOPMENT_ASSET_PATHS = "\"HCI project/Preview Content\"";
				DEVELOPMENT_TEAM = 7C466PNGV3;
				ENABLE_PREVIEWS = YES;
				INFOPLIST_FILE = "HCI project/Info.plist";
				IPHONEOS_DEPLOYMENT_TARGET = 10.3;
				LD_RUNPATH_SEARCH_PATHS = (
					"$(inherited)",
					"@executable_path/Frameworks",
				);
				PRODUCT_BUNDLE_IDENTIFIER = "LUMS.HCI-project";
				PRODUCT_NAME = "$(TARGET_NAME)";
				SWIFT_VERSION = 5.0;
				TARGETED_DEVICE_FAMILY = "1,2";
			};
			name = Release;
		};
/* End XCBuildConfiguration section */

/* Begin XCConfigurationList section */
		10177990238906E8003B3F84 /* Build configuration list for PBXProject "HCI project" */ = {
			isa = XCConfigurationList;
			buildConfigurations = (
				101779A7238906E9003B3F84 /* Debug */,
				101779A8238906E9003B3F84 /* Release */,
			);
			defaultConfigurationIsVisible = 0;
			defaultConfigurationName = Release;
		};
		101779A9238906E9003B3F84 /* Build configuration list for PBXNativeTarget "HCI project" */ = {
			isa = XCConfigurationList;
			buildConfigurations = (
				101779AA238906E9003B3F84 /* Debug */,
				101779AB238906E9003B3F84 /* Release */,
			);
			defaultConfigurationIsVisible = 0;
			defaultConfigurationName = Release;
		};
/* End XCConfigurationList section */
	};
	rootObject = 1017798D238906E8003B3F84 /* Project object */;
}
